
Microsoft Visual Studio Solution File, Format Version 12.00
# Visual Studio 15
Project("{FAE04EC0-301F-11D3-BF4B-00C04F79EFBC}") = "Assembly-CSharp", "Assembly-CSharp.csproj", "{15B9C4D9-4B7C-A58B-B4C6-55B98984F48E}"
EndProject
Project("{FAE04EC0-301F-11D3-BF4B-00C04F79EFBC}") = "Ink-Libraries", "Ink-Libraries.csproj", "{B2D947BE-1F6C-2A3F-4AE2-76CAAC71B7D0}"
EndProject
Project("{FAE04EC0-301F-11D3-BF4B-00C04F79EFBC}") = "InkEditor", "InkEditor.csproj", "{0519DFCF-50E5-6C6A-65CA-B03BD11A3199}"
EndProject
Project("{FAE04EC0-301F-11D3-BF4B-00C04F79EFBC}") = "Assembly-CSharp-Editor", "Assembly-CSharp-Editor.csproj", "{4CE8E620-652F-AF1F-B4C6-63C789317DC9}"
EndProject
Global
	GlobalSection(SolutionConfigurationPlatforms) = preSolution
		Debug|Any CPU = Debug|Any CPU
		Release|Any CPU = Release|Any CPU
	EndGlobalSection
	GlobalSection(ProjectConfigurationPlatforms) = postSolution
		{15B9C4D9-4B7C-A58B-B4C6-55B98984F48E}.Debug|Any CPU.ActiveCfg = Debug|Any CPU
		{15B9C4D9-4B7C-A58B-B4C6-55B98984F48E}.Debug|Any CPU.Build.0 = Debug|Any CPU
		{15B9C4D9-4B7C-A58B-B4C6-55B98984F48E}.Release|Any CPU.ActiveCfg = Release|Any CPU
		{15B9C4D9-4B7C-A58B-B4C6-55B98984F48E}.Release|Any CPU.Build.0 = Release|Any CPU
		{B2D947BE-1F6C-2A3F-4AE2-76CAAC71B7D0}.Debug|Any CPU.ActiveCfg = Debug|Any CPU
		{B2D947BE-1F6C-2A3F-4AE2-76CAAC71B7D0}.Debug|Any CPU.Build.0 = Debug|Any CPU
		{B2D947BE-1F6C-2A3F-4AE2-76CAAC71B7D0}.Release|Any CPU.ActiveCfg = Release|Any CPU
		{B2D947BE-1F6C-2A3F-4AE2-76CAAC71B7D0}.Release|Any CPU.Build.0 = Release|Any CPU
		{0519DFCF-50E5-6C6A-65CA-B03BD11A3199}.Debug|Any CPU.ActiveCfg = Debug|Any CPU
		{0519DFCF-50E5-6C6A-65CA-B03BD11A3199}.Debug|Any CPU.Build.0 = Debug|Any CPU
		{0519DFCF-50E5-6C6A-65CA-B03BD11A3199}.Release|Any CPU.ActiveCfg = Release|Any CPU
		{0519DFCF-50E5-6C6A-65CA-B03BD11A3199}.Release|Any CPU.Build.0 = Release|Any CPU
		{4CE8E620-652F-AF1F-B4C6-63C789317DC9}.Debug|Any CPU.ActiveCfg = Debug|Any CPU
		{4CE8E620-652F-AF1F-B4C6-63C789317DC9}.Debug|Any CPU.Build.0 = Debug|Any CPU
		{4CE8E620-652F-AF1F-B4C6-63C789317DC9}.Release|Any CPU.ActiveCfg = Release|Any CPU
		{4CE8E620-652F-AF1F-B4C6-63C789317DC9}.Release|Any CPU.Build.0 = Release|Any CPU
	EndGlobalSection
	GlobalSection(SolutionProperties) = preSolution
		HideSolutionNode = FALSE
	EndGlobalSection
EndGlobal
